# THIS IS AN AUTOGENERATED FILE. DO NOT EDIT THIS FILE DIRECTLY.
# yarn lockfile v1


lodash@4.x.x:
  version "4.17.4"
  resolved "https://registry.yarnpkg.com/lodash/-/lodash-4.17.4.tgz#78203a4d1c328ae1d86dca6460e369b57f4055ae"

react-native-navigation@^1.1.98:
  version "1.1.98"
  resolved "https://registry.yarnpkg.com/react-native-navigation/-/react-native-navigation-1.1.98.tgz#b14b8ae4a9d7683caf1bfd7f8360553b1663b03c"
  dependencies:
    lodash "4.x.x"
